
Microsoft Visual Studio Solution File, Format Version 12.00
# Visual Studio Version 17
VisualStudioVersion = 17.10.35027.167
MinimumVisualStudioVersion = 10.0.40219.1
Project("{9A19103F-16F7-4668-BE54-9A1E7A4F7556}") = "TestCaseTechniques", "TestCaseTechniques.csproj", "{C79A4C15-8B6B-4A26-8765-9FD4CEABC526}"
EndProject
Project("{FAE04EC0-301F-11D3-BF4B-00C04F79EFBC}") = "Tests", "..\Tests\Tests.csproj", "{DC3F5554-7A7F-4EDB-B77D-D13443968591}"
EndProject
Global
	GlobalSection(SolutionConfigurationPlatforms) = preSolution
		Debug|Any CPU = Debug|Any CPU
		Release|Any CPU = Release|Any CPU
	EndGlobalSection
	GlobalSection(ProjectConfigurationPlatforms) = postSolution
		{C79A4C15-8B6B-4A26-8765-9FD4CEABC526}.Debug|Any CPU.ActiveCfg = Debug|Any CPU
		{C79A4C15-8B6B-4A26-8765-9FD4CEABC526}.Debug|Any CPU.Build.0 = Debug|Any CPU
		{C79A4C15-8B6B-4A26-8765-9FD4CEABC526}.Release|Any CPU.ActiveCfg = Release|Any CPU
		{C79A4C15-8B6B-4A26-8765-9FD4CEABC526}.Release|Any CPU.Build.0 = Release|Any CPU
		{DC3F5554-7A7F-4EDB-B77D-D13443968591}.Debug|Any CPU.ActiveCfg = Debug|Any CPU
		{DC3F5554-7A7F-4EDB-B77D-D13443968591}.Debug|Any CPU.Build.0 = Debug|Any CPU
		{DC3F5554-7A7F-4EDB-B77D-D13443968591}.Release|Any CPU.ActiveCfg = Release|Any CPU
		{DC3F5554-7A7F-4EDB-B77D-D13443968591}.Release|Any CPU.Build.0 = Release|Any CPU
	EndGlobalSection
	GlobalSection(SolutionProperties) = preSolution
		HideSolutionNode = FALSE
	EndGlobalSection
	GlobalSection(ExtensibilityGlobals) = postSolution
		SolutionGuid = {60C822AD-AF90-4BF3-8B81-ECAD5C21E67B}
	EndGlobalSection
EndGlobal
